
Microsoft Visual Studio Solution File, Format Version 12.00
# Visual Studio Version 17
VisualStudioVersion = 17.0.31903.59
MinimumVisualStudioVersion = 10.0.40219.1
Project("{2150E333-8FDC-42A3-9474-1A3956D46DE8}") = "UnitTest", "UnitTest", "{72C89D27-288D-457C-9733-0C467F30E112}"
EndProject
Project("{FAE04EC0-301F-11D3-BF4B-00C04F79EFBC}") = "Test.Src.UnitTests", "UnitTests\Test.Src.UnitTests\Test.Src.UnitTests.csproj", "{8ABFABED-DEC4-40D7-B329-CF4B8A4049BB}"
EndProject
Project("{FAE04EC0-301F-11D3-BF4B-00C04F79EFBC}") = "Tests.UnitTest", "UnitTests\Tests.UnitTest\Tests.UnitTest.csproj", "{6C9D5273-A1FF-4234-A93B-7DE2369B08A8}"
EndProject
Global
	GlobalSection(SolutionConfigurationPlatforms) = preSolution
		Debug|Any CPU = Debug|Any CPU
		Release|Any CPU = Release|Any CPU
	EndGlobalSection
	GlobalSection(ProjectConfigurationPlatforms) = postSolution
		{8ABFABED-DEC4-40D7-B329-CF4B8A4049BB}.Debug|Any CPU.ActiveCfg = Debug|Any CPU
		{8ABFABED-DEC4-40D7-B329-CF4B8A4049BB}.Debug|Any CPU.Build.0 = Debug|Any CPU
		{8ABFABED-DEC4-40D7-B329-CF4B8A4049BB}.Release|Any CPU.ActiveCfg = Release|Any CPU
		{8ABFABED-DEC4-40D7-B329-CF4B8A4049BB}.Release|Any CPU.Build.0 = Release|Any CPU
		{6C9D5273-A1FF-4234-A93B-7DE2369B08A8}.Debug|Any CPU.ActiveCfg = Debug|Any CPU
		{6C9D5273-A1FF-4234-A93B-7DE2369B08A8}.Debug|Any CPU.Build.0 = Debug|Any CPU
		{6C9D5273-A1FF-4234-A93B-7DE2369B08A8}.Release|Any CPU.ActiveCfg = Release|Any CPU
		{6C9D5273-A1FF-4234-A93B-7DE2369B08A8}.Release|Any CPU.Build.0 = Release|Any CPU
	EndGlobalSection
	GlobalSection(SolutionProperties) = preSolution
		HideSolutionNode = FALSE
	EndGlobalSection
	GlobalSection(NestedProjects) = preSolution
		{8ABFABED-DEC4-40D7-B329-CF4B8A4049BB} = {72C89D27-288D-457C-9733-0C467F30E112}
		{6C9D5273-A1FF-4234-A93B-7DE2369B08A8} = {72C89D27-288D-457C-9733-0C467F30E112}
	EndGlobalSection
EndGlobal
